
Microsoft Visual Studio Solution File, Format Version 11.00
# Visual Studio 2010
Project("{FAE04EC0-301F-11D3-BF4B-00C04F79EFBC}") = "IWKS3400_Lab5", "Assembly-CSharp.csproj", "{9FB6385E-E7F2-B7B4-8CC9-ED1B46556CAA}"
EndProject
Global
	GlobalSection(SolutionConfigurationPlatforms) = preSolution
		Debug|Any CPU = Debug|Any CPU
		Release|Any CPU = Release|Any CPU
	EndGlobalSection
	GlobalSection(ProjectConfigurationPlatforms) = postSolution
		{9FB6385E-E7F2-B7B4-8CC9-ED1B46556CAA}.Debug|Any CPU.ActiveCfg = Debug|Any CPU
		{9FB6385E-E7F2-B7B4-8CC9-ED1B46556CAA}.Debug|Any CPU.Build.0 = Debug|Any CPU
		{9FB6385E-E7F2-B7B4-8CC9-ED1B46556CAA}.Release|Any CPU.ActiveCfg = Release|Any CPU
		{9FB6385E-E7F2-B7B4-8CC9-ED1B46556CAA}.Release|Any CPU.Build.0 = Release|Any CPU
	EndGlobalSection
	GlobalSection(SolutionProperties) = preSolution
		HideSolutionNode = FALSE
	EndGlobalSection
	GlobalSection(MonoDevelopProperties) = preSolution
		StartupItem = Assembly-CSharp.csproj
	EndGlobalSection
EndGlobal
